
Microsoft Visual Studio Solution File, Format Version 11.00
# Visual Studio 2010
Project("{FAE04EC0-301F-11D3-BF4B-00C04F79EFBC}") = "GereSumariosArtista", "GereSumários\GereSumariosArtista.csproj", "{C23B2F2D-6EEA-483C-850C-2E25873FCF6C}"
EndProject
Global
	GlobalSection(SolutionConfigurationPlatforms) = preSolution
		Debug|Any CPU = Debug|Any CPU
		Release|Any CPU = Release|Any CPU
	EndGlobalSection
	GlobalSection(ProjectConfigurationPlatforms) = postSolution
		{C23B2F2D-6EEA-483C-850C-2E25873FCF6C}.Debug|Any CPU.ActiveCfg = Debug|Any CPU
		{C23B2F2D-6EEA-483C-850C-2E25873FCF6C}.Debug|Any CPU.Build.0 = Debug|Any CPU
		{C23B2F2D-6EEA-483C-850C-2E25873FCF6C}.Release|Any CPU.ActiveCfg = Release|Any CPU
		{C23B2F2D-6EEA-483C-850C-2E25873FCF6C}.Release|Any CPU.Build.0 = Release|Any CPU
	EndGlobalSection
	GlobalSection(SolutionProperties) = preSolution
		HideSolutionNode = FALSE
	EndGlobalSection
EndGlobal
