
Microsoft Visual Studio Solution File, Format Version 12.00
# Visual Studio Version 16
VisualStudioVersion = 16.0.33529.622
MinimumVisualStudioVersion = 10.0.40219.1
Project("{FAE04EC0-301F-11D3-BF4B-00C04F79EFBC}") = "Aula 1", "Aula 1\Aula 1.csproj", "{ADD9863A-E169-426C-B41F-411017E082D8}"
EndProject
Project("{FAE04EC0-301F-11D3-BF4B-00C04F79EFBC}") = "Aula 3", "Aula 3\Aula 3.csproj", "{7A3682B8-01F4-4F47-A246-6AC63B67F707}"
EndProject
Project("{FAE04EC0-301F-11D3-BF4B-00C04F79EFBC}") = "Aula 4 - Arrays", "Aula 4\Aula 4 - Arrays.csproj", "{47C40433-1FD6-4165-B0DC-F60F22F4127C}"
EndProject
Project("{2150E333-8FDC-42A3-9474-1A3956D46DE8}") = "Práticas", "Práticas", "{1D7C0336-EAC1-4001-9EDE-160D1A28E75C}"
EndProject
Project("{9A19103F-16F7-4668-BE54-9A1E7A4F7556}") = "Aula 5 - Estruturar Classes", "Aula 5\Aula 5 - Estruturar Classes.csproj", "{161F6576-2706-4D7B-ADFE-8B262EA9087A}"
EndProject
Project("{9A19103F-16F7-4668-BE54-9A1E7A4F7556}") = "Aula 6 - Operadores", "Aula 6\Aula 6 - Operadores.csproj", "{C6634D83-2EDE-4727-9976-99C631D65EC8}"
EndProject
Project("{2150E333-8FDC-42A3-9474-1A3956D46DE8}") = "Aula 7 - DLL", "Aula 7 - DLL", "{61410B0D-E8F2-44A3-B2D2-139A9474C7F4}"
EndProject
Project("{FAE04EC0-301F-11D3-BF4B-00C04F79EFBC}") = "Aula 2 - Exercicio_Calculadora", "Aula 2 - Exercicio Calculadora\Aula 2 - Exercicio_Calculadora.csproj", "{A9346553-83F4-49EF-BCE3-17349EC7241A}"
EndProject
Project("{9A19103F-16F7-4668-BE54-9A1E7A4F7556}") = "GerePessoas", "Aula 7 - DLL\GerePessoas\GerePessoas.csproj", "{518598FD-DFC5-4D1A-B912-33158E72C141}"
EndProject
Project("{FAE04EC0-301F-11D3-BF4B-00C04F79EFBC}") = "UmaPessoa", "Aula 7 - DLL\Pessoa\UmaPessoa.csproj", "{F82E392D-7DA7-4E63-A2C6-5FAF5E406C03}"
EndProject
Project("{2150E333-8FDC-42A3-9474-1A3956D46DE8}") = "Turma 1 - Aula 3", "Turma 1 - Aula 3", "{E2167ECC-5209-4405-8CE5-BE04D8DF97D8}"
EndProject
Project("{2150E333-8FDC-42A3-9474-1A3956D46DE8}") = "Turma 2 - Aula 3", "Turma 2 - Aula 3", "{381A7416-8590-4B8F-8990-5C534E95103A}"
EndProject
Project("{9A19103F-16F7-4668-BE54-9A1E7A4F7556}") = "GereTurmas - EXE", "Aulas Praticas\Turno 1 - Aula3\GereTurmas\GereTurmas - EXE.csproj", "{45E7B67D-BFAE-4EE1-A26C-CDD63586DEB2}"
EndProject
Project("{9A19103F-16F7-4668-BE54-9A1E7A4F7556}") = "InputOutput - DLL", "Aulas Praticas\Turno 1 - Aula3\InputOutput\InputOutput - DLL.csproj", "{AAF7E2D2-D094-46A0-9DD0-B9E7D098D3C2}"
EndProject
Project("{FAE04EC0-301F-11D3-BF4B-00C04F79EFBC}") = "Pessoas - DLL", "Aulas Praticas\Turno 1 - Aula3\Pessoas\Pessoas - DLL.csproj", "{2FA5EB76-D6C3-4910-B4F4-096A20E7C0FC}"
EndProject
Project("{FAE04EC0-301F-11D3-BF4B-00C04F79EFBC}") = "Turmas - DLL", "Aulas Praticas\Turno 1 - Aula3\Turmas\Turmas - DLL.csproj", "{4CE30866-C011-439C-BD97-A12C2E02F5DE}"
EndProject
Project("{FAE04EC0-301F-11D3-BF4B-00C04F79EFBC}") = "AppWIndowwTurma", "Aulas Praticas\Turno 1 - Aula3\AppWIndowwTurma\AppWIndowwTurma.csproj", "{F6C2406E-6807-4C2E-88AA-8C63C6262F88}"
EndProject
Project("{FAE04EC0-301F-11D3-BF4B-00C04F79EFBC}") = "Turno 1 - Aula 1", "Aulas Praticas\Turno 1 - Aula 1\Turno 1 - Aula 1.csproj", "{03D21CDB-D2DF-45C9-8A4E-1788EAFAAD12}"
EndProject
Project("{9A19103F-16F7-4668-BE54-9A1E7A4F7556}") = "Turno 1 - Aula 2", "Aulas Praticas\Turno 1 - Aula 2\Turno 1 - Aula 2.csproj", "{B3F8ED14-C35A-4102-A822-DD41C6F71D17}"
EndProject
Project("{FAE04EC0-301F-11D3-BF4B-00C04F79EFBC}") = "Turno 2 - Aula 1", "Aulas Praticas\Turno 2 - Aula 1\Turno 2 - Aula 1.csproj", "{FFDBBBF9-8195-4B9A-AE55-9F296D038A37}"
EndProject
Project("{9A19103F-16F7-4668-BE54-9A1E7A4F7556}") = "Turno 2 - Aula 2", "Aulas Praticas\Turno 2 - Aula 2\Turno 2 - Aula 2.csproj", "{AEE24281-7A51-4BC9-8978-944A65AEF0D4}"
EndProject
Project("{9A19103F-16F7-4668-BE54-9A1E7A4F7556}") = "Aluno - DLL", "Aulas Praticas\Turno 2 - Aula 3\AlunoDLL\Aluno - DLL.csproj", "{9904E811-9693-4D31-A097-AB9D2BE31A27}"
EndProject
Project("{9A19103F-16F7-4668-BE54-9A1E7A4F7556}") = "Turmas - DLL", "Aulas Praticas\Turno 2 - Aula 3\TurmasDLL\Turmas - DLL.csproj", "{09FD4C25-13F5-466C-B3C4-7D477193E761}"
EndProject
Project("{9A19103F-16F7-4668-BE54-9A1E7A4F7556}") = "GereTurmasII - EXE", "Aulas Praticas\Turno 2 - Aula 3\GereTurmasII\GereTurmasII - EXE.csproj", "{82E4FC7A-B1D7-4C39-A466-E74ECBF0F184}"
EndProject
Project("{2150E333-8FDC-42A3-9474-1A3956D46DE8}") = "Aula 8 - DLL", "Aula 8 - DLL", "{1F5F21D0-8541-4F13-A204-889283932026}"
EndProject
Project("{FAE04EC0-301F-11D3-BF4B-00C04F79EFBC}") = "Dll1", "Aula 8 - DLL\Dll1\Dll1.csproj", "{2AD54617-7A5E-466C-8BCA-A3E4855E622C}"
EndProject
Project("{FAE04EC0-301F-11D3-BF4B-00C04F79EFBC}") = "Dll2", "Aula 8 - DLL\Dll2\Dll2.csproj", "{59EF6CC0-3A0E-4ACF-A5D2-AD2C82175E06}"
EndProject
Project("{FAE04EC0-301F-11D3-BF4B-00C04F79EFBC}") = "UsaDlls", "Aula 8 - DLL\UsaDlls\UsaDlls.csproj", "{FFD4472C-9567-400F-9368-D8BAB5DD621E}"
EndProject
Project("{FAE04EC0-301F-11D3-BF4B-00C04F79EFBC}") = "Aula 9 - POO", "Aula 9 - POO\Aula 9 - POO.csproj", "{524EE2F7-747C-42BE-A6C9-A8E4D997DD42}"
EndProject
Global
	GlobalSection(SolutionConfigurationPlatforms) = preSolution
		Debug|Any CPU = Debug|Any CPU
		Release|Any CPU = Release|Any CPU
	EndGlobalSection
	GlobalSection(ProjectConfigurationPlatforms) = postSolution
		{ADD9863A-E169-426C-B41F-411017E082D8}.Debug|Any CPU.ActiveCfg = Debug|Any CPU
		{ADD9863A-E169-426C-B41F-411017E082D8}.Debug|Any CPU.Build.0 = Debug|Any CPU
		{ADD9863A-E169-426C-B41F-411017E082D8}.Release|Any CPU.ActiveCfg = Release|Any CPU
		{ADD9863A-E169-426C-B41F-411017E082D8}.Release|Any CPU.Build.0 = Release|Any CPU
		{7A3682B8-01F4-4F47-A246-6AC63B67F707}.Debug|Any CPU.ActiveCfg = Debug|Any CPU
		{7A3682B8-01F4-4F47-A246-6AC63B67F707}.Debug|Any CPU.Build.0 = Debug|Any CPU
		{7A3682B8-01F4-4F47-A246-6AC63B67F707}.Release|Any CPU.ActiveCfg = Release|Any CPU
		{7A3682B8-01F4-4F47-A246-6AC63B67F707}.Release|Any CPU.Build.0 = Release|Any CPU
		{47C40433-1FD6-4165-B0DC-F60F22F4127C}.Debug|Any CPU.ActiveCfg = Debug|Any CPU
		{47C40433-1FD6-4165-B0DC-F60F22F4127C}.Debug|Any CPU.Build.0 = Debug|Any CPU
		{47C40433-1FD6-4165-B0DC-F60F22F4127C}.Release|Any CPU.ActiveCfg = Release|Any CPU
		{47C40433-1FD6-4165-B0DC-F60F22F4127C}.Release|Any CPU.Build.0 = Release|Any CPU
		{161F6576-2706-4D7B-ADFE-8B262EA9087A}.Debug|Any CPU.ActiveCfg = Debug|Any CPU
		{161F6576-2706-4D7B-ADFE-8B262EA9087A}.Debug|Any CPU.Build.0 = Debug|Any CPU
		{161F6576-2706-4D7B-ADFE-8B262EA9087A}.Release|Any CPU.ActiveCfg = Release|Any CPU
		{161F6576-2706-4D7B-ADFE-8B262EA9087A}.Release|Any CPU.Build.0 = Release|Any CPU
		{C6634D83-2EDE-4727-9976-99C631D65EC8}.Debug|Any CPU.ActiveCfg = Debug|Any CPU
		{C6634D83-2EDE-4727-9976-99C631D65EC8}.Debug|Any CPU.Build.0 = Debug|Any CPU
		{C6634D83-2EDE-4727-9976-99C631D65EC8}.Release|Any CPU.ActiveCfg = Release|Any CPU
		{C6634D83-2EDE-4727-9976-99C631D65EC8}.Release|Any CPU.Build.0 = Release|Any CPU
		{A9346553-83F4-49EF-BCE3-17349EC7241A}.Debug|Any CPU.ActiveCfg = Debug|Any CPU
		{A9346553-83F4-49EF-BCE3-17349EC7241A}.Debug|Any CPU.Build.0 = Debug|Any CPU
		{A9346553-83F4-49EF-BCE3-17349EC7241A}.Release|Any CPU.ActiveCfg = Release|Any CPU
		{A9346553-83F4-49EF-BCE3-17349EC7241A}.Release|Any CPU.Build.0 = Release|Any CPU
		{518598FD-DFC5-4D1A-B912-33158E72C141}.Debug|Any CPU.ActiveCfg = Debug|Any CPU
		{518598FD-DFC5-4D1A-B912-33158E72C141}.Debug|Any CPU.Build.0 = Debug|Any CPU
		{518598FD-DFC5-4D1A-B912-33158E72C141}.Release|Any CPU.ActiveCfg = Release|Any CPU
		{518598FD-DFC5-4D1A-B912-33158E72C141}.Release|Any CPU.Build.0 = Release|Any CPU
		{F82E392D-7DA7-4E63-A2C6-5FAF5E406C03}.Debug|Any CPU.ActiveCfg = Debug|Any CPU
		{F82E392D-7DA7-4E63-A2C6-5FAF5E406C03}.Debug|Any CPU.Build.0 = Debug|Any CPU
		{F82E392D-7DA7-4E63-A2C6-5FAF5E406C03}.Release|Any CPU.ActiveCfg = Release|Any CPU
		{F82E392D-7DA7-4E63-A2C6-5FAF5E406C03}.Release|Any CPU.Build.0 = Release|Any CPU
		{45E7B67D-BFAE-4EE1-A26C-CDD63586DEB2}.Debug|Any CPU.ActiveCfg = Debug|Any CPU
		{45E7B67D-BFAE-4EE1-A26C-CDD63586DEB2}.Debug|Any CPU.Build.0 = Debug|Any CPU
		{45E7B67D-BFAE-4EE1-A26C-CDD63586DEB2}.Release|Any CPU.ActiveCfg = Release|Any CPU
		{45E7B67D-BFAE-4EE1-A26C-CDD63586DEB2}.Release|Any CPU.Build.0 = Release|Any CPU
		{AAF7E2D2-D094-46A0-9DD0-B9E7D098D3C2}.Debug|Any CPU.ActiveCfg = Debug|Any CPU
		{AAF7E2D2-D094-46A0-9DD0-B9E7D098D3C2}.Debug|Any CPU.Build.0 = Debug|Any CPU
		{AAF7E2D2-D094-46A0-9DD0-B9E7D098D3C2}.Release|Any CPU.ActiveCfg = Release|Any CPU
		{AAF7E2D2-D094-46A0-9DD0-B9E7D098D3C2}.Release|Any CPU.Build.0 = Release|Any CPU
		{2FA5EB76-D6C3-4910-B4F4-096A20E7C0FC}.Debug|Any CPU.ActiveCfg = Debug|Any CPU
		{2FA5EB76-D6C3-4910-B4F4-096A20E7C0FC}.Debug|Any CPU.Build.0 = Debug|Any CPU
		{2FA5EB76-D6C3-4910-B4F4-096A20E7C0FC}.Release|Any CPU.ActiveCfg = Release|Any CPU
		{2FA5EB76-D6C3-4910-B4F4-096A20E7C0FC}.Release|Any CPU.Build.0 = Release|Any CPU
		{4CE30866-C011-439C-BD97-A12C2E02F5DE}.Debug|Any CPU.ActiveCfg = Debug|Any CPU
		{4CE30866-C011-439C-BD97-A12C2E02F5DE}.Debug|Any CPU.Build.0 = Debug|Any CPU
		{4CE30866-C011-439C-BD97-A12C2E02F5DE}.Release|Any CPU.ActiveCfg = Release|Any CPU
		{4CE30866-C011-439C-BD97-A12C2E02F5DE}.Release|Any CPU.Build.0 = Release|Any CPU
		{F6C2406E-6807-4C2E-88AA-8C63C6262F88}.Debug|Any CPU.ActiveCfg = Debug|Any CPU
		{F6C2406E-6807-4C2E-88AA-8C63C6262F88}.Debug|Any CPU.Build.0 = Debug|Any CPU
		{F6C2406E-6807-4C2E-88AA-8C63C6262F88}.Release|Any CPU.ActiveCfg = Release|Any CPU
		{F6C2406E-6807-4C2E-88AA-8C63C6262F88}.Release|Any CPU.Build.0 = Release|Any CPU
		{03D21CDB-D2DF-45C9-8A4E-1788EAFAAD12}.Debug|Any CPU.ActiveCfg = Debug|Any CPU
		{03D21CDB-D2DF-45C9-8A4E-1788EAFAAD12}.Debug|Any CPU.Build.0 = Debug|Any CPU
		{03D21CDB-D2DF-45C9-8A4E-1788EAFAAD12}.Release|Any CPU.ActiveCfg = Release|Any CPU
		{03D21CDB-D2DF-45C9-8A4E-1788EAFAAD12}.Release|Any CPU.Build.0 = Release|Any CPU
		{B3F8ED14-C35A-4102-A822-DD41C6F71D17}.Debug|Any CPU.ActiveCfg = Debug|Any CPU
		{B3F8ED14-C35A-4102-A822-DD41C6F71D17}.Debug|Any CPU.Build.0 = Debug|Any CPU
		{B3F8ED14-C35A-4102-A822-DD41C6F71D17}.Release|Any CPU.ActiveCfg = Release|Any CPU
		{B3F8ED14-C35A-4102-A822-DD41C6F71D17}.Release|Any CPU.Build.0 = Release|Any CPU
		{FFDBBBF9-8195-4B9A-AE55-9F296D038A37}.Debug|Any CPU.ActiveCfg = Debug|Any CPU
		{FFDBBBF9-8195-4B9A-AE55-9F296D038A37}.Debug|Any CPU.Build.0 = Debug|Any CPU
		{FFDBBBF9-8195-4B9A-AE55-9F296D038A37}.Release|Any CPU.ActiveCfg = Release|Any CPU
		{FFDBBBF9-8195-4B9A-AE55-9F296D038A37}.Release|Any CPU.Build.0 = Release|Any CPU
		{AEE24281-7A51-4BC9-8978-944A65AEF0D4}.Debug|Any CPU.ActiveCfg = Debug|Any CPU
		{AEE24281-7A51-4BC9-8978-944A65AEF0D4}.Debug|Any CPU.Build.0 = Debug|Any CPU
		{AEE24281-7A51-4BC9-8978-944A65AEF0D4}.Release|Any CPU.ActiveCfg = Release|Any CPU
		{AEE24281-7A51-4BC9-8978-944A65AEF0D4}.Release|Any CPU.Build.0 = Release|Any CPU
		{9904E811-9693-4D31-A097-AB9D2BE31A27}.Debug|Any CPU.ActiveCfg = Debug|Any CPU
		{9904E811-9693-4D31-A097-AB9D2BE31A27}.Debug|Any CPU.Build.0 = Debug|Any CPU
		{9904E811-9693-4D31-A097-AB9D2BE31A27}.Release|Any CPU.ActiveCfg = Release|Any CPU
		{9904E811-9693-4D31-A097-AB9D2BE31A27}.Release|Any CPU.Build.0 = Release|Any CPU
		{09FD4C25-13F5-466C-B3C4-7D477193E761}.Debug|Any CPU.ActiveCfg = Debug|Any CPU
		{09FD4C25-13F5-466C-B3C4-7D477193E761}.Debug|Any CPU.Build.0 = Debug|Any CPU
		{09FD4C25-13F5-466C-B3C4-7D477193E761}.Release|Any CPU.ActiveCfg = Release|Any CPU
		{09FD4C25-13F5-466C-B3C4-7D477193E761}.Release|Any CPU.Build.0 = Release|Any CPU
		{82E4FC7A-B1D7-4C39-A466-E74ECBF0F184}.Debug|Any CPU.ActiveCfg = Debug|Any CPU
		{82E4FC7A-B1D7-4C39-A466-E74ECBF0F184}.Debug|Any CPU.Build.0 = Debug|Any CPU
		{82E4FC7A-B1D7-4C39-A466-E74ECBF0F184}.Release|Any CPU.ActiveCfg = Release|Any CPU
		{82E4FC7A-B1D7-4C39-A466-E74ECBF0F184}.Release|Any CPU.Build.0 = Release|Any CPU
		{2AD54617-7A5E-466C-8BCA-A3E4855E622C}.Debug|Any CPU.ActiveCfg = Debug|Any CPU
		{2AD54617-7A5E-466C-8BCA-A3E4855E622C}.Debug|Any CPU.Build.0 = Debug|Any CPU
		{2AD54617-7A5E-466C-8BCA-A3E4855E622C}.Release|Any CPU.ActiveCfg = Release|Any CPU
		{2AD54617-7A5E-466C-8BCA-A3E4855E622C}.Release|Any CPU.Build.0 = Release|Any CPU
		{59EF6CC0-3A0E-4ACF-A5D2-AD2C82175E06}.Debug|Any CPU.ActiveCfg = Debug|Any CPU
		{59EF6CC0-3A0E-4ACF-A5D2-AD2C82175E06}.Debug|Any CPU.Build.0 = Debug|Any CPU
		{59EF6CC0-3A0E-4ACF-A5D2-AD2C82175E06}.Release|Any CPU.ActiveCfg = Release|Any CPU
		{59EF6CC0-3A0E-4ACF-A5D2-AD2C82175E06}.Release|Any CPU.Build.0 = Release|Any CPU
		{FFD4472C-9567-400F-9368-D8BAB5DD621E}.Debug|Any CPU.ActiveCfg = Debug|Any CPU
		{FFD4472C-9567-400F-9368-D8BAB5DD621E}.Debug|Any CPU.Build.0 = Debug|Any CPU
		{FFD4472C-9567-400F-9368-D8BAB5DD621E}.Release|Any CPU.ActiveCfg = Release|Any CPU
		{FFD4472C-9567-400F-9368-D8BAB5DD621E}.Release|Any CPU.Build.0 = Release|Any CPU
		{524EE2F7-747C-42BE-A6C9-A8E4D997DD42}.Debug|Any CPU.ActiveCfg = Debug|Any CPU
		{524EE2F7-747C-42BE-A6C9-A8E4D997DD42}.Debug|Any CPU.Build.0 = Debug|Any CPU
		{524EE2F7-747C-42BE-A6C9-A8E4D997DD42}.Release|Any CPU.ActiveCfg = Release|Any CPU
		{524EE2F7-747C-42BE-A6C9-A8E4D997DD42}.Release|Any CPU.Build.0 = Release|Any CPU
	EndGlobalSection
	GlobalSection(SolutionProperties) = preSolution
		HideSolutionNode = FALSE
	EndGlobalSection
	GlobalSection(NestedProjects) = preSolution
		{518598FD-DFC5-4D1A-B912-33158E72C141} = {61410B0D-E8F2-44A3-B2D2-139A9474C7F4}
		{F82E392D-7DA7-4E63-A2C6-5FAF5E406C03} = {61410B0D-E8F2-44A3-B2D2-139A9474C7F4}
		{E2167ECC-5209-4405-8CE5-BE04D8DF97D8} = {1D7C0336-EAC1-4001-9EDE-160D1A28E75C}
		{381A7416-8590-4B8F-8990-5C534E95103A} = {1D7C0336-EAC1-4001-9EDE-160D1A28E75C}
		{45E7B67D-BFAE-4EE1-A26C-CDD63586DEB2} = {E2167ECC-5209-4405-8CE5-BE04D8DF97D8}
		{AAF7E2D2-D094-46A0-9DD0-B9E7D098D3C2} = {E2167ECC-5209-4405-8CE5-BE04D8DF97D8}
		{2FA5EB76-D6C3-4910-B4F4-096A20E7C0FC} = {E2167ECC-5209-4405-8CE5-BE04D8DF97D8}
		{4CE30866-C011-439C-BD97-A12C2E02F5DE} = {E2167ECC-5209-4405-8CE5-BE04D8DF97D8}
		{F6C2406E-6807-4C2E-88AA-8C63C6262F88} = {E2167ECC-5209-4405-8CE5-BE04D8DF97D8}
		{03D21CDB-D2DF-45C9-8A4E-1788EAFAAD12} = {1D7C0336-EAC1-4001-9EDE-160D1A28E75C}
		{B3F8ED14-C35A-4102-A822-DD41C6F71D17} = {1D7C0336-EAC1-4001-9EDE-160D1A28E75C}
		{FFDBBBF9-8195-4B9A-AE55-9F296D038A37} = {1D7C0336-EAC1-4001-9EDE-160D1A28E75C}
		{AEE24281-7A51-4BC9-8978-944A65AEF0D4} = {1D7C0336-EAC1-4001-9EDE-160D1A28E75C}
		{9904E811-9693-4D31-A097-AB9D2BE31A27} = {381A7416-8590-4B8F-8990-5C534E95103A}
		{09FD4C25-13F5-466C-B3C4-7D477193E761} = {381A7416-8590-4B8F-8990-5C534E95103A}
		{82E4FC7A-B1D7-4C39-A466-E74ECBF0F184} = {381A7416-8590-4B8F-8990-5C534E95103A}
		{2AD54617-7A5E-466C-8BCA-A3E4855E622C} = {1F5F21D0-8541-4F13-A204-889283932026}
		{59EF6CC0-3A0E-4ACF-A5D2-AD2C82175E06} = {1F5F21D0-8541-4F13-A204-889283932026}
		{FFD4472C-9567-400F-9368-D8BAB5DD621E} = {1F5F21D0-8541-4F13-A204-889283932026}
	EndGlobalSection
	GlobalSection(ExtensibilityGlobals) = postSolution
		SolutionGuid = {DB65F30C-E6D3-4A09-BD91-F7274C49D9E3}
	EndGlobalSection
EndGlobal
