
Microsoft Visual Studio Solution File, Format Version 12.00
# Visual Studio Version 16
VisualStudioVersion = 16.0.33529.622
MinimumVisualStudioVersion = 10.0.40219.1
Project("{FAE04EC0-301F-11D3-BF4B-00C04F79EFBC}") = "Aula 1", "Aula 1\Aula 1.csproj", "{ADD9863A-E169-426C-B41F-411017E082D8}"
EndProject
Project("{FAE04EC0-301F-11D3-BF4B-00C04F79EFBC}") = "Exerc_Calculadora", "Calculadora\Exerc_Calculadora.csproj", "{A9346553-83F4-49EF-BCE3-17349EC7241A}"
EndProject
Project("{FAE04EC0-301F-11D3-BF4B-00C04F79EFBC}") = "Aula 3", "Aula 3\Aula 3.csproj", "{7A3682B8-01F4-4F47-A246-6AC63B67F707}"
EndProject
Project("{FAE04EC0-301F-11D3-BF4B-00C04F79EFBC}") = "Aula 4", "Aula 4\Aula 4.csproj", "{47C40433-1FD6-4165-B0DC-F60F22F4127C}"
EndProject
Project("{FAE04EC0-301F-11D3-BF4B-00C04F79EFBC}") = "Turno 2 - Aula 1", "Turno 2 - Aula 1\Turno 2 - Aula 1.csproj", "{FFDBBBF9-8195-4B9A-AE55-9F296D038A37}"
EndProject
Project("{FAE04EC0-301F-11D3-BF4B-00C04F79EFBC}") = "Turno 1 - Aula 1", "Turno 1 - Aula 1\Turno 1 - Aula 1.csproj", "{03D21CDB-D2DF-45C9-8A4E-1788EAFAAD12}"
EndProject
Project("{2150E333-8FDC-42A3-9474-1A3956D46DE8}") = "Práticas", "Práticas", "{1D7C0336-EAC1-4001-9EDE-160D1A28E75C}"
EndProject
Global
	GlobalSection(SolutionConfigurationPlatforms) = preSolution
		Debug|Any CPU = Debug|Any CPU
		Release|Any CPU = Release|Any CPU
	EndGlobalSection
	GlobalSection(ProjectConfigurationPlatforms) = postSolution
		{ADD9863A-E169-426C-B41F-411017E082D8}.Debug|Any CPU.ActiveCfg = Debug|Any CPU
		{ADD9863A-E169-426C-B41F-411017E082D8}.Debug|Any CPU.Build.0 = Debug|Any CPU
		{ADD9863A-E169-426C-B41F-411017E082D8}.Release|Any CPU.ActiveCfg = Release|Any CPU
		{ADD9863A-E169-426C-B41F-411017E082D8}.Release|Any CPU.Build.0 = Release|Any CPU
		{A9346553-83F4-49EF-BCE3-17349EC7241A}.Debug|Any CPU.ActiveCfg = Debug|Any CPU
		{A9346553-83F4-49EF-BCE3-17349EC7241A}.Debug|Any CPU.Build.0 = Debug|Any CPU
		{A9346553-83F4-49EF-BCE3-17349EC7241A}.Release|Any CPU.ActiveCfg = Release|Any CPU
		{A9346553-83F4-49EF-BCE3-17349EC7241A}.Release|Any CPU.Build.0 = Release|Any CPU
		{7A3682B8-01F4-4F47-A246-6AC63B67F707}.Debug|Any CPU.ActiveCfg = Debug|Any CPU
		{7A3682B8-01F4-4F47-A246-6AC63B67F707}.Debug|Any CPU.Build.0 = Debug|Any CPU
		{7A3682B8-01F4-4F47-A246-6AC63B67F707}.Release|Any CPU.ActiveCfg = Release|Any CPU
		{7A3682B8-01F4-4F47-A246-6AC63B67F707}.Release|Any CPU.Build.0 = Release|Any CPU
		{47C40433-1FD6-4165-B0DC-F60F22F4127C}.Debug|Any CPU.ActiveCfg = Debug|Any CPU
		{47C40433-1FD6-4165-B0DC-F60F22F4127C}.Debug|Any CPU.Build.0 = Debug|Any CPU
		{47C40433-1FD6-4165-B0DC-F60F22F4127C}.Release|Any CPU.ActiveCfg = Release|Any CPU
		{47C40433-1FD6-4165-B0DC-F60F22F4127C}.Release|Any CPU.Build.0 = Release|Any CPU
		{FFDBBBF9-8195-4B9A-AE55-9F296D038A37}.Debug|Any CPU.ActiveCfg = Debug|Any CPU
		{FFDBBBF9-8195-4B9A-AE55-9F296D038A37}.Debug|Any CPU.Build.0 = Debug|Any CPU
		{FFDBBBF9-8195-4B9A-AE55-9F296D038A37}.Release|Any CPU.ActiveCfg = Release|Any CPU
		{FFDBBBF9-8195-4B9A-AE55-9F296D038A37}.Release|Any CPU.Build.0 = Release|Any CPU
		{03D21CDB-D2DF-45C9-8A4E-1788EAFAAD12}.Debug|Any CPU.ActiveCfg = Debug|Any CPU
		{03D21CDB-D2DF-45C9-8A4E-1788EAFAAD12}.Debug|Any CPU.Build.0 = Debug|Any CPU
		{03D21CDB-D2DF-45C9-8A4E-1788EAFAAD12}.Release|Any CPU.ActiveCfg = Release|Any CPU
		{03D21CDB-D2DF-45C9-8A4E-1788EAFAAD12}.Release|Any CPU.Build.0 = Release|Any CPU
	EndGlobalSection
	GlobalSection(SolutionProperties) = preSolution
		HideSolutionNode = FALSE
	EndGlobalSection
	GlobalSection(NestedProjects) = preSolution
		{FFDBBBF9-8195-4B9A-AE55-9F296D038A37} = {1D7C0336-EAC1-4001-9EDE-160D1A28E75C}
		{03D21CDB-D2DF-45C9-8A4E-1788EAFAAD12} = {1D7C0336-EAC1-4001-9EDE-160D1A28E75C}
	EndGlobalSection
	GlobalSection(ExtensibilityGlobals) = postSolution
		SolutionGuid = {DB65F30C-E6D3-4A09-BD91-F7274C49D9E3}
	EndGlobalSection
EndGlobal
