
Microsoft Visual Studio Solution File, Format Version 12.00
# Visual Studio Version 16
VisualStudioVersion = 16.0.33529.622
MinimumVisualStudioVersion = 10.0.40219.1
Project("{FAE04EC0-301F-11D3-BF4B-00C04F79EFBC}") = "Aula 1", "Aula 1\Aula 1.csproj", "{ADD9863A-E169-426C-B41F-411017E082D8}"
EndProject
Project("{FAE04EC0-301F-11D3-BF4B-00C04F79EFBC}") = "Calculadora", "Calculadora\Calculadora.csproj", "{A9346553-83F4-49EF-BCE3-17349EC7241A}"
EndProject
Project("{FAE04EC0-301F-11D3-BF4B-00C04F79EFBC}") = "Aula 3", "Aula 3\Aula 3.csproj", "{7A3682B8-01F4-4F47-A246-6AC63B67F707}"
EndProject
Global
	GlobalSection(SolutionConfigurationPlatforms) = preSolution
		Debug|Any CPU = Debug|Any CPU
		Release|Any CPU = Release|Any CPU
	EndGlobalSection
	GlobalSection(ProjectConfigurationPlatforms) = postSolution
		{ADD9863A-E169-426C-B41F-411017E082D8}.Debug|Any CPU.ActiveCfg = Debug|Any CPU
		{ADD9863A-E169-426C-B41F-411017E082D8}.Debug|Any CPU.Build.0 = Debug|Any CPU
		{ADD9863A-E169-426C-B41F-411017E082D8}.Release|Any CPU.ActiveCfg = Release|Any CPU
		{ADD9863A-E169-426C-B41F-411017E082D8}.Release|Any CPU.Build.0 = Release|Any CPU
		{A9346553-83F4-49EF-BCE3-17349EC7241A}.Debug|Any CPU.ActiveCfg = Debug|Any CPU
		{A9346553-83F4-49EF-BCE3-17349EC7241A}.Debug|Any CPU.Build.0 = Debug|Any CPU
		{A9346553-83F4-49EF-BCE3-17349EC7241A}.Release|Any CPU.ActiveCfg = Release|Any CPU
		{A9346553-83F4-49EF-BCE3-17349EC7241A}.Release|Any CPU.Build.0 = Release|Any CPU
		{7A3682B8-01F4-4F47-A246-6AC63B67F707}.Debug|Any CPU.ActiveCfg = Debug|Any CPU
		{7A3682B8-01F4-4F47-A246-6AC63B67F707}.Debug|Any CPU.Build.0 = Debug|Any CPU
		{7A3682B8-01F4-4F47-A246-6AC63B67F707}.Release|Any CPU.ActiveCfg = Release|Any CPU
		{7A3682B8-01F4-4F47-A246-6AC63B67F707}.Release|Any CPU.Build.0 = Release|Any CPU
	EndGlobalSection
	GlobalSection(SolutionProperties) = preSolution
		HideSolutionNode = FALSE
	EndGlobalSection
	GlobalSection(ExtensibilityGlobals) = postSolution
		SolutionGuid = {DB65F30C-E6D3-4A09-BD91-F7274C49D9E3}
	EndGlobalSection
EndGlobal
