
Microsoft Visual Studio Solution File, Format Version 12.00
# Visual Studio Version 16
VisualStudioVersion = 16.0.29911.84
MinimumVisualStudioVersion = 10.0.40219.1
Project("{FAE04EC0-301F-11D3-BF4B-00C04F79EFBC}") = "GerePessoas", "GerePessoas\GerePessoas.csproj", "{210212BB-0FAD-4161-B74D-C759AD763480}"
EndProject
Project("{FAE04EC0-301F-11D3-BF4B-00C04F79EFBC}") = "ObjetosNegocio", "ObjetosNegocio\ObjetosNegocio.csproj", "{753B479A-0623-447C-8709-E72F43E0D170}"
EndProject
Project("{FAE04EC0-301F-11D3-BF4B-00C04F79EFBC}") = "Dados", "Dados\Dados.csproj", "{028B7692-355D-4B3F-9815-A811B2918FB0}"
EndProject
Project("{FAE04EC0-301F-11D3-BF4B-00C04F79EFBC}") = "RegrasNegocio", "RegrasNegocio\RegrasNegocio.csproj", "{74729DFA-3FAE-4412-97CB-A1D81D1609CD}"
EndProject
Project("{FAE04EC0-301F-11D3-BF4B-00C04F79EFBC}") = "Excepcoes", "Excepcoes\Excepcoes.csproj", "{893FD776-9B08-40B4-9789-61F3C5D743B1}"
EndProject
Global
	GlobalSection(SolutionConfigurationPlatforms) = preSolution
		Debug|Any CPU = Debug|Any CPU
		Release|Any CPU = Release|Any CPU
	EndGlobalSection
	GlobalSection(ProjectConfigurationPlatforms) = postSolution
		{210212BB-0FAD-4161-B74D-C759AD763480}.Debug|Any CPU.ActiveCfg = Debug|Any CPU
		{210212BB-0FAD-4161-B74D-C759AD763480}.Debug|Any CPU.Build.0 = Debug|Any CPU
		{210212BB-0FAD-4161-B74D-C759AD763480}.Release|Any CPU.ActiveCfg = Release|Any CPU
		{210212BB-0FAD-4161-B74D-C759AD763480}.Release|Any CPU.Build.0 = Release|Any CPU
		{753B479A-0623-447C-8709-E72F43E0D170}.Debug|Any CPU.ActiveCfg = Debug|Any CPU
		{753B479A-0623-447C-8709-E72F43E0D170}.Debug|Any CPU.Build.0 = Debug|Any CPU
		{753B479A-0623-447C-8709-E72F43E0D170}.Release|Any CPU.ActiveCfg = Release|Any CPU
		{753B479A-0623-447C-8709-E72F43E0D170}.Release|Any CPU.Build.0 = Release|Any CPU
		{028B7692-355D-4B3F-9815-A811B2918FB0}.Debug|Any CPU.ActiveCfg = Debug|Any CPU
		{028B7692-355D-4B3F-9815-A811B2918FB0}.Debug|Any CPU.Build.0 = Debug|Any CPU
		{028B7692-355D-4B3F-9815-A811B2918FB0}.Release|Any CPU.ActiveCfg = Release|Any CPU
		{028B7692-355D-4B3F-9815-A811B2918FB0}.Release|Any CPU.Build.0 = Release|Any CPU
		{74729DFA-3FAE-4412-97CB-A1D81D1609CD}.Debug|Any CPU.ActiveCfg = Debug|Any CPU
		{74729DFA-3FAE-4412-97CB-A1D81D1609CD}.Debug|Any CPU.Build.0 = Debug|Any CPU
		{74729DFA-3FAE-4412-97CB-A1D81D1609CD}.Release|Any CPU.ActiveCfg = Release|Any CPU
		{74729DFA-3FAE-4412-97CB-A1D81D1609CD}.Release|Any CPU.Build.0 = Release|Any CPU
		{893FD776-9B08-40B4-9789-61F3C5D743B1}.Debug|Any CPU.ActiveCfg = Debug|Any CPU
		{893FD776-9B08-40B4-9789-61F3C5D743B1}.Debug|Any CPU.Build.0 = Debug|Any CPU
		{893FD776-9B08-40B4-9789-61F3C5D743B1}.Release|Any CPU.ActiveCfg = Release|Any CPU
		{893FD776-9B08-40B4-9789-61F3C5D743B1}.Release|Any CPU.Build.0 = Release|Any CPU
	EndGlobalSection
	GlobalSection(SolutionProperties) = preSolution
		HideSolutionNode = FALSE
	EndGlobalSection
	GlobalSection(ExtensibilityGlobals) = postSolution
		SolutionGuid = {89E34A36-F476-4031-8538-C015CFFD891A}
	EndGlobalSection
EndGlobal
